PODS:
  - mopub-ios-sdk (3.10.0):
    - mopub-ios-sdk/MoPubSDK (= 3.10.0)
  - mopub-ios-sdk/MoPubSDK (3.10.0)
  - SpotX-SDK (2.0.3)

DEPENDENCIES:
  - mopub-ios-sdk
  - SpotX-SDK (~> 2.0)

SPEC CHECKSUMS:
  mopub-ios-sdk: 74c66841809637f750b6ecba93e8c131da3969c6
  SpotX-SDK: abec23934dbad1c6ce21c8b8a13133ab26ecae14

COCOAPODS: 0.39.0
