PODS:
  - mopub-ios-sdk (3.7.0):
    - mopub-ios-sdk/MoPubSDK (= 3.7.0)
  - mopub-ios-sdk/MoPubSDK (3.7.0)
  - SpotX-SDK (2.0)

DEPENDENCIES:
  - mopub-ios-sdk
  - SpotX-SDK (~> 2.0)

SPEC CHECKSUMS:
  mopub-ios-sdk: 18373063d006fb36857c332fa9e761abe11b64ba
  SpotX-SDK: d7806f5e9100fc75fdb743b990887b66fb209bfd

COCOAPODS: 0.37.2
